
Microsoft Visual Studio Solution File, Format Version 12.00
# Visual Studio Version 18
VisualStudioVersion = 18.7.11822.327
MinimumVisualStudioVersion = 10.0.40219.1
Project("{2150E333-8FDC-42A3-9474-1A3956D46DE8}") = "Tests", "Tests", "{C976F0F8-3743-4BBD-8A7C-53660F2C7B72}"
EndProject
Project("{2150E333-8FDC-42A3-9474-1A3956D46DE8}") = "Source", "Source", "{51F9AEF6-9501-46D2-B4DB-481D8B649866}"
EndProject
Project("{FAE04EC0-301F-11D3-BF4B-00C04F79EFBC}") = "DNS", "src\DNS\DNS.csproj", "{0F7004C7-BF98-49D4-8362-FC480E043256}"
EndProject
Project("{FAE04EC0-301F-11D3-BF4B-00C04F79EFBC}") = "DNS.Tests", "tests\DNS.Tests\DNS.Tests.csproj", "{C158CC76-DE88-455A-B6A8-0E334CB47128}"
EndProject
Project("{FAE04EC0-301F-11D3-BF4B-00C04F79EFBC}") = "Examples", "src\Examples\Examples.csproj", "{C3C1DADD-2F85-4B9B-8CE5-EAA87EFC5C67}"
EndProject
Project("{FAE04EC0-301F-11D3-BF4B-00C04F79EFBC}") = "DNS.Benchmark", "tests\DNS.Benchmark\DNS.Benchmark.csproj", "{D00272CE-D13A-4E10-97AA-67D48A975EEC}"
EndProject
Project("{FAE04EC0-301F-11D3-BF4B-00C04F79EFBC}") = "DNS.Benchmark.Baseline", "tests\DNS.Benchmark.Baseline\DNS.Benchmark.Baseline.csproj", "{12FBB38D-89FF-42DE-9CE0-B0A26B49D556}"
EndProject
Project("{2150E333-8FDC-42A3-9474-1A3956D46DE8}") = "Solution artifacts", "Solution artifacts", "{755FA10A-1665-4F6D-85B8-2E98A03AAD5F}"
	ProjectSection(SolutionItems) = preProject
		.editorconfig = .editorconfig
		.gitignore = .gitignore
		CLAUDE.md = CLAUDE.md
		LICENSE.md = LICENSE.md
		README.md = README.md
	EndProjectSection
EndProject
Global
	GlobalSection(SolutionConfigurationPlatforms) = preSolution
		Debug|Any CPU = Debug|Any CPU
		Debug|x64 = Debug|x64
		Debug|x86 = Debug|x86
		Release|Any CPU = Release|Any CPU
		Release|x64 = Release|x64
		Release|x86 = Release|x86
	EndGlobalSection
	GlobalSection(ProjectConfigurationPlatforms) = postSolution
		{0F7004C7-BF98-49D4-8362-FC480E043256}.Debug|Any CPU.ActiveCfg = Debug|Any CPU
		{0F7004C7-BF98-49D4-8362-FC480E043256}.Debug|Any CPU.Build.0 = Debug|Any CPU
		{0F7004C7-BF98-49D4-8362-FC480E043256}.Debug|x64.ActiveCfg = Debug|Any CPU
		{0F7004C7-BF98-49D4-8362-FC480E043256}.Debug|x64.Build.0 = Debug|Any CPU
		{0F7004C7-BF98-49D4-8362-FC480E043256}.Debug|x86.ActiveCfg = Debug|Any CPU
		{0F7004C7-BF98-49D4-8362-FC480E043256}.Debug|x86.Build.0 = Debug|Any CPU
		{0F7004C7-BF98-49D4-8362-FC480E043256}.Release|Any CPU.ActiveCfg = Release|Any CPU
		{0F7004C7-BF98-49D4-8362-FC480E043256}.Release|Any CPU.Build.0 = Release|Any CPU
		{0F7004C7-BF98-49D4-8362-FC480E043256}.Release|x64.ActiveCfg = Release|Any CPU
		{0F7004C7-BF98-49D4-8362-FC480E043256}.Release|x64.Build.0 = Release|Any CPU
		{0F7004C7-BF98-49D4-8362-FC480E043256}.Release|x86.ActiveCfg = Release|Any CPU
		{0F7004C7-BF98-49D4-8362-FC480E043256}.Release|x86.Build.0 = Release|Any CPU
		{C158CC76-DE88-455A-B6A8-0E334CB47128}.Debug|Any CPU.ActiveCfg = Debug|Any CPU
		{C158CC76-DE88-455A-B6A8-0E334CB47128}.Debug|Any CPU.Build.0 = Debug|Any CPU
		{C158CC76-DE88-455A-B6A8-0E334CB47128}.Debug|x64.ActiveCfg = Debug|Any CPU
		{C158CC76-DE88-455A-B6A8-0E334CB47128}.Debug|x64.Build.0 = Debug|Any CPU
		{C158CC76-DE88-455A-B6A8-0E334CB47128}.Debug|x86.ActiveCfg = Debug|Any CPU
		{C158CC76-DE88-455A-B6A8-0E334CB47128}.Debug|x86.Build.0 = Debug|Any CPU
		{C158CC76-DE88-455A-B6A8-0E334CB47128}.Release|Any CPU.ActiveCfg = Release|Any CPU
		{C158CC76-DE88-455A-B6A8-0E334CB47128}.Release|Any CPU.Build.0 = Release|Any CPU
		{C158CC76-DE88-455A-B6A8-0E334CB47128}.Release|x64.ActiveCfg = Release|Any CPU
		{C158CC76-DE88-455A-B6A8-0E334CB47128}.Release|x64.Build.0 = Release|Any CPU
		{C158CC76-DE88-455A-B6A8-0E334CB47128}.Release|x86.ActiveCfg = Release|Any CPU
		{C158CC76-DE88-455A-B6A8-0E334CB47128}.Release|x86.Build.0 = Release|Any CPU
		{C3C1DADD-2F85-4B9B-8CE5-EAA87EFC5C67}.Debug|Any CPU.ActiveCfg = Debug|Any CPU
		{C3C1DADD-2F85-4B9B-8CE5-EAA87EFC5C67}.Debug|Any CPU.Build.0 = Debug|Any CPU
		{C3C1DADD-2F85-4B9B-8CE5-EAA87EFC5C67}.Debug|x64.ActiveCfg = Debug|Any CPU
		{C3C1DADD-2F85-4B9B-8CE5-EAA87EFC5C67}.Debug|x64.Build.0 = Debug|Any CPU
		{C3C1DADD-2F85-4B9B-8CE5-EAA87EFC5C67}.Debug|x86.ActiveCfg = Debug|Any CPU
		{C3C1DADD-2F85-4B9B-8CE5-EAA87EFC5C67}.Debug|x86.Build.0 = Debug|Any CPU
		{C3C1DADD-2F85-4B9B-8CE5-EAA87EFC5C67}.Release|Any CPU.ActiveCfg = Release|Any CPU
		{C3C1DADD-2F85-4B9B-8CE5-EAA87EFC5C67}.Release|Any CPU.Build.0 = Release|Any CPU
		{C3C1DADD-2F85-4B9B-8CE5-EAA87EFC5C67}.Release|x64.ActiveCfg = Release|Any CPU
		{C3C1DADD-2F85-4B9B-8CE5-EAA87EFC5C67}.Release|x64.Build.0 = Release|Any CPU
		{C3C1DADD-2F85-4B9B-8CE5-EAA87EFC5C67}.Release|x86.ActiveCfg = Release|Any CPU
		{C3C1DADD-2F85-4B9B-8CE5-EAA87EFC5C67}.Release|x86.Build.0 = Release|Any CPU
		{D00272CE-D13A-4E10-97AA-67D48A975EEC}.Debug|Any CPU.ActiveCfg = Debug|Any CPU
		{D00272CE-D13A-4E10-97AA-67D48A975EEC}.Debug|Any CPU.Build.0 = Debug|Any CPU
		{D00272CE-D13A-4E10-97AA-67D48A975EEC}.Debug|x64.ActiveCfg = Debug|Any CPU
		{D00272CE-D13A-4E10-97AA-67D48A975EEC}.Debug|x64.Build.0 = Debug|Any CPU
		{D00272CE-D13A-4E10-97AA-67D48A975EEC}.Debug|x86.ActiveCfg = Debug|Any CPU
		{D00272CE-D13A-4E10-97AA-67D48A975EEC}.Debug|x86.Build.0 = Debug|Any CPU
		{D00272CE-D13A-4E10-97AA-67D48A975EEC}.Release|Any CPU.ActiveCfg = Release|Any CPU
		{D00272CE-D13A-4E10-97AA-67D48A975EEC}.Release|Any CPU.Build.0 = Release|Any CPU
		{D00272CE-D13A-4E10-97AA-67D48A975EEC}.Release|x64.ActiveCfg = Release|Any CPU
		{D00272CE-D13A-4E10-97AA-67D48A975EEC}.Release|x64.Build.0 = Release|Any CPU
		{D00272CE-D13A-4E10-97AA-67D48A975EEC}.Release|x86.ActiveCfg = Release|Any CPU
		{D00272CE-D13A-4E10-97AA-67D48A975EEC}.Release|x86.Build.0 = Release|Any CPU
		{12FBB38D-89FF-42DE-9CE0-B0A26B49D556}.Debug|Any CPU.ActiveCfg = Debug|Any CPU
		{12FBB38D-89FF-42DE-9CE0-B0A26B49D556}.Debug|Any CPU.Build.0 = Debug|Any CPU
		{12FBB38D-89FF-42DE-9CE0-B0A26B49D556}.Debug|x64.ActiveCfg = Debug|Any CPU
		{12FBB38D-89FF-42DE-9CE0-B0A26B49D556}.Debug|x64.Build.0 = Debug|Any CPU
		{12FBB38D-89FF-42DE-9CE0-B0A26B49D556}.Debug|x86.ActiveCfg = Debug|Any CPU
		{12FBB38D-89FF-42DE-9CE0-B0A26B49D556}.Debug|x86.Build.0 = Debug|Any CPU
		{12FBB38D-89FF-42DE-9CE0-B0A26B49D556}.Release|Any CPU.ActiveCfg = Release|Any CPU
		{12FBB38D-89FF-42DE-9CE0-B0A26B49D556}.Release|Any CPU.Build.0 = Release|Any CPU
		{12FBB38D-89FF-42DE-9CE0-B0A26B49D556}.Release|x64.ActiveCfg = Release|Any CPU
		{12FBB38D-89FF-42DE-9CE0-B0A26B49D556}.Release|x64.Build.0 = Release|Any CPU
		{12FBB38D-89FF-42DE-9CE0-B0A26B49D556}.Release|x86.ActiveCfg = Release|Any CPU
		{12FBB38D-89FF-42DE-9CE0-B0A26B49D556}.Release|x86.Build.0 = Release|Any CPU
	EndGlobalSection
	GlobalSection(SolutionProperties) = preSolution
		HideSolutionNode = FALSE
	EndGlobalSection
	GlobalSection(NestedProjects) = preSolution
		{0F7004C7-BF98-49D4-8362-FC480E043256} = {51F9AEF6-9501-46D2-B4DB-481D8B649866}
		{C158CC76-DE88-455A-B6A8-0E334CB47128} = {C976F0F8-3743-4BBD-8A7C-53660F2C7B72}
		{C3C1DADD-2F85-4B9B-8CE5-EAA87EFC5C67} = {51F9AEF6-9501-46D2-B4DB-481D8B649866}
		{D00272CE-D13A-4E10-97AA-67D48A975EEC} = {C976F0F8-3743-4BBD-8A7C-53660F2C7B72}
		{12FBB38D-89FF-42DE-9CE0-B0A26B49D556} = {C976F0F8-3743-4BBD-8A7C-53660F2C7B72}
	EndGlobalSection
	GlobalSection(ExtensibilityGlobals) = postSolution
		SolutionGuid = {AA98E6E9-2074-4BEA-A357-30299A9FC212}
	EndGlobalSection
EndGlobal
